
Microsoft Visual Studio Solution File, Format Version 12.00
# Visual Studio 2013
VisualStudioVersion = 12.0.21005.1
MinimumVisualStudioVersion = 10.0.40219.1
Project("{FAE04EC0-301F-11D3-BF4B-00C04F79EFBC}") = "cxcms.mvc", "cxcms\cxcms.mvc.csproj", "{69168921-AD6B-42B3-94DA-8883183CB833}"
EndProject
Project("{FAE04EC0-301F-11D3-BF4B-00C04F79EFBC}") = "cxcms.common", "cxcms.common\cxcms.common.csproj", "{BEFA75E8-F901-4F4E-ADFA-29E3CF185508}"
EndProject
Project("{FAE04EC0-301F-11D3-BF4B-00C04F79EFBC}") = "cxcms.BLL", "cxcms.BLL\cxcms.BLL.csproj", "{EB6835B0-CB34-46A5-B6A6-9A0FFA996DA1}"
EndProject
Global
	GlobalSection(SolutionConfigurationPlatforms) = preSolution
		Debug|Any CPU = Debug|Any CPU
		Release|Any CPU = Release|Any CPU
	EndGlobalSection
	GlobalSection(ProjectConfigurationPlatforms) = postSolution
		{69168921-AD6B-42B3-94DA-8883183CB833}.Debug|Any CPU.ActiveCfg = Debug|Any CPU
		{69168921-AD6B-42B3-94DA-8883183CB833}.Debug|Any CPU.Build.0 = Debug|Any CPU
		{69168921-AD6B-42B3-94DA-8883183CB833}.Release|Any CPU.ActiveCfg = Release|Any CPU
		{69168921-AD6B-42B3-94DA-8883183CB833}.Release|Any CPU.Build.0 = Release|Any CPU
		{BEFA75E8-F901-4F4E-ADFA-29E3CF185508}.Debug|Any CPU.ActiveCfg = Debug|Any CPU
		{BEFA75E8-F901-4F4E-ADFA-29E3CF185508}.Debug|Any CPU.Build.0 = Debug|Any CPU
		{BEFA75E8-F901-4F4E-ADFA-29E3CF185508}.Release|Any CPU.ActiveCfg = Release|Any CPU
		{BEFA75E8-F901-4F4E-ADFA-29E3CF185508}.Release|Any CPU.Build.0 = Release|Any CPU
		{EB6835B0-CB34-46A5-B6A6-9A0FFA996DA1}.Debug|Any CPU.ActiveCfg = Debug|Any CPU
		{EB6835B0-CB34-46A5-B6A6-9A0FFA996DA1}.Debug|Any CPU.Build.0 = Debug|Any CPU
		{EB6835B0-CB34-46A5-B6A6-9A0FFA996DA1}.Release|Any CPU.ActiveCfg = Release|Any CPU
		{EB6835B0-CB34-46A5-B6A6-9A0FFA996DA1}.Release|Any CPU.Build.0 = Release|Any CPU
	EndGlobalSection
	GlobalSection(SolutionProperties) = preSolution
		HideSolutionNode = FALSE
	EndGlobalSection
EndGlobal
